{
  "lockfileVersion": 1,
  "workspaces": {
    "": {
      "name": "app",
      "dependencies": {
        "@elysiajs/html": "^1.2.0",
        "@elysiajs/static": "^1.2.0",
        "@kitajs/ts-html-plugin": "^4.1.1",
        "@prisma/client": "^6.3.1",
        "@tailwindcss/postcss": "^4.0.6",
        "concurrently": "^9.1.2",
        "elysia": "latest",
        "postcss": "^8.5.2",
        "postcss-hash": "^3.0.0",
        "preact": "^10.26.0",
        "preact-render-to-string": "^6.5.13",
        "tailwindcss": "^4.0.6",
      },
      "devDependencies": {
        "bun-types": "latest",
        "postcss-cli": "^11.0.0",
        "prisma": "^6.3.1",
      },
    },
  },
  "packages": {
    "@alloc/quick-lru": ["@alloc/quick-lru@5.2.0", "", {}, "sha512-UrcABB+4bUrFABwbluTIBErXwvbsU/V7TZWfmbgJfbkwiBuziS9gxdODUyuiecfdGQ85jglMW6juS3+z5TsKLw=="],

    "@elysiajs/html": ["@elysiajs/html@1.2.0", "", { "dependencies": { "@kitajs/html": "^4.1.0", "@kitajs/ts-html-plugin": "^4.0.1" }, "peerDependencies": { "elysia": ">= 1.2.0" } }, "sha512-j/exB9TLn2/KOMWRfPcJ7MNOsmr85uHRjC+kKPLyb1lRtNDWzgab4deUQrxtIv4gt4PDSKmywNnhyD+GrdnH3w=="],

    "@elysiajs/static": ["@elysiajs/static@1.2.0", "", { "dependencies": { "node-cache": "^5.1.2" }, "peerDependencies": { "elysia": ">= 1.2.0" } }, "sha512-oLpAi8c+maPpA0XhhK3BELaIjIG+nXg/K9p8cFfW4q5ayRD59a3MOMOOGgpiXZkHJzLPWcouhhyyLAYtaANW4g=="],

    "@kitajs/html": ["@kitajs/html@4.2.7", "", { "dependencies": { "csstype": "^3.1.3" } }, "sha512-HMAHy0GLH7i7wY1o0W1TeugNhtWefUkhb9l6zx6v2fIkR1cPlUtQQdkTt/jkBA7723yO7uBERcXFPZpWT7HWPQ=="],

    "@kitajs/ts-html-plugin": ["@kitajs/ts-html-plugin@4.1.1", "", { "dependencies": { "chalk": "^4.1.2", "tslib": "^2.8.1", "yargs": "^17.7.2" }, "peerDependencies": { "@kitajs/html": "^4.2.5", "typescript": "^5.6.2" }, "bin": { "ts-html-plugin": "dist/cli.js", "xss-scan": "dist/cli.js" } }, "sha512-wmjyV8hmJmDOnUM/ZyPkc0UBYgUYmf32/93rkW8wr8h+HiHVMU0tEKFnmRdBjTcy9jwoC9Bnt2NuzS9l67lq5g=="],

    "@nodelib/fs.scandir": ["@nodelib/fs.scandir@2.1.5", "", { "dependencies": { "@nodelib/fs.stat": "2.0.5", "run-parallel": "^1.1.9" } }, "sha512-vq24Bq3ym5HEQm2NKCr3yXDwjc7vTsEThRDnkp2DK9p1uqLR+DHurm/NOTo0KG7HYHU7eppKZj3MyqYuMBf62g=="],

    "@nodelib/fs.stat": ["@nodelib/fs.stat@2.0.5", "", {}, "sha512-RkhPPp2zrqDAQA/2jNhnztcPAlv64XdhIp7a7454A5ovI7Bukxgt7MX7udwAu3zg1DcpPU0rz3VV1SeaqvY4+A=="],

    "@nodelib/fs.walk": ["@nodelib/fs.walk@1.2.8", "", { "dependencies": { "@nodelib/fs.scandir": "2.1.5", "fastq": "^1.6.0" } }, "sha512-oGB+UxlgWcgQkgwo8GcEGwemoTFt3FIO9ababBmaGwXIoBKZ+GTy0pP185beGg7Llih/NSHSV2XAs1lnznocSg=="],

    "@prisma/client": ["@prisma/client@6.3.1", "", { "peerDependencies": { "prisma": "*", "typescript": ">=5.1.0" }, "optionalPeers": ["prisma", "typescript"] }, "sha512-ARAJaPs+eBkemdky/XU3cvGRl+mIPHCN2lCXsl5Vlb0E2gV+R6IN7aCI8CisRGszEZondwIsW9Iz8EJkTdykyA=="],

    "@prisma/debug": ["@prisma/debug@6.3.1", "", {}, "sha512-RrEBkd+HLZx+ydfmYT0jUj7wjLiS95wfTOSQ+8FQbvb6vHh5AeKfEPt/XUQ5+Buljj8hltEfOslEW57/wQIVeA=="],

    "@prisma/engines": ["@prisma/engines@6.3.1", "", { "dependencies": { "@prisma/debug": "6.3.1", "@prisma/engines-version": "6.3.0-17.acc0b9dd43eb689cbd20c9470515d719db10d0b0", "@prisma/fetch-engine": "6.3.1", "@prisma/get-platform": "6.3.1" } }, "sha512-sXdqEVLyGAJ5/iUoG/Ea5AdHMN71m6PzMBWRQnLmhhOejzqAaEr8rUd623ql6OJpED4s/U4vIn4dg1qkF7vGag=="],

    "@prisma/engines-version": ["@prisma/engines-version@6.3.0-17.acc0b9dd43eb689cbd20c9470515d719db10d0b0", "", {}, "sha512-R/ZcMuaWZT2UBmgX3Ko6PAV3f8//ZzsjRIG1eKqp3f2rqEqVtCv+mtzuH2rBPUC9ujJ5kCb9wwpxeyCkLcHVyA=="],

    "@prisma/fetch-engine": ["@prisma/fetch-engine@6.3.1", "", { "dependencies": { "@prisma/debug": "6.3.1", "@prisma/engines-version": "6.3.0-17.acc0b9dd43eb689cbd20c9470515d719db10d0b0", "@prisma/get-platform": "6.3.1" } }, "sha512-HOf/0umOgt+/S2xtZze+FHKoxpVg4YpVxROr6g2YG09VsI3Ipyb+rGvD6QGbCqkq5NTWAAZoOGNL+oy7t+IhaQ=="],

    "@prisma/get-platform": ["@prisma/get-platform@6.3.1", "", { "dependencies": { "@prisma/debug": "6.3.1" } }, "sha512-AYLq6Hk9xG73JdLWJ3Ip9Wg/vlP7xPvftGBalsPzKDOHr/ImhwJ09eS8xC2vNT12DlzGxhfk8BkL0ve2OriNhQ=="],

    "@sinclair/typebox": ["@sinclair/typebox@0.34.25", "", {}, "sha512-gu+tdy9WZIRulrR4CAcGXZAAixwakKszkUXudMJ4EhtNflBEify5Pm5vnVEVqdmMkxnT4tcdfJps5XYqaNeF9Q=="],

    "@sindresorhus/merge-streams": ["@sindresorhus/merge-streams@2.3.0", "", {}, "sha512-LtoMMhxAlorcGhmFYI+LhPgbPZCkgP6ra1YL604EeF6U98pLlQ3iWIGMdWSC+vWmPBWBNgmDBAhnAobLROJmwg=="],

    "@tailwindcss/node": ["@tailwindcss/node@4.0.6", "", { "dependencies": { "enhanced-resolve": "^5.18.0", "jiti": "^2.4.2", "tailwindcss": "4.0.6" } }, "sha512-jb6E0WeSq7OQbVYcIJ6LxnZTeC4HjMvbzFBMCrQff4R50HBlo/obmYNk6V2GCUXDeqiXtvtrQgcIbT+/boB03Q=="],

    "@tailwindcss/oxide": ["@tailwindcss/oxide@4.0.6", "", { "optionalDependencies": { "@tailwindcss/oxide-android-arm64": "4.0.6", "@tailwindcss/oxide-darwin-arm64": "4.0.6", "@tailwindcss/oxide-darwin-x64": "4.0.6", "@tailwindcss/oxide-freebsd-x64": "4.0.6", "@tailwindcss/oxide-linux-arm-gnueabihf": "4.0.6", "@tailwindcss/oxide-linux-arm64-gnu": "4.0.6", "@tailwindcss/oxide-linux-arm64-musl": "4.0.6", "@tailwindcss/oxide-linux-x64-gnu": "4.0.6", "@tailwindcss/oxide-linux-x64-musl": "4.0.6", "@tailwindcss/oxide-win32-arm64-msvc": "4.0.6", "@tailwindcss/oxide-win32-x64-msvc": "4.0.6" } }, "sha512-lVyKV2y58UE9CeKVcYykULe9QaE1dtKdxDEdrTPIdbzRgBk6bdxHNAoDqvcqXbIGXubn3VOl1O/CFF77v/EqSA=="],

    "@tailwindcss/oxide-android-arm64": ["@tailwindcss/oxide-android-arm64@4.0.6", "", { "os": "android", "cpu": "arm64" }, "sha512-xDbym6bDPW3D2XqQqX3PjqW3CKGe1KXH7Fdkc60sX5ZLVUbzPkFeunQaoP+BuYlLc2cC1FoClrIRYnRzof9Sow=="],

    "@tailwindcss/oxide-darwin-arm64": ["@tailwindcss/oxide-darwin-arm64@4.0.6", "", { "os": "darwin", "cpu": "arm64" }, "sha512-1f71/ju/tvyGl5c2bDkchZHy8p8EK/tDHCxlpYJ1hGNvsYihZNurxVpZ0DefpN7cNc9RTT8DjrRoV8xXZKKRjg=="],

    "@tailwindcss/oxide-darwin-x64": ["@tailwindcss/oxide-darwin-x64@4.0.6", "", { "os": "darwin", "cpu": "x64" }, "sha512-s/hg/ZPgxFIrGMb0kqyeaqZt505P891buUkSezmrDY6lxv2ixIELAlOcUVTkVh245SeaeEiUVUPiUN37cwoL2g=="],

    "@tailwindcss/oxide-freebsd-x64": ["@tailwindcss/oxide-freebsd-x64@4.0.6", "", { "os": "freebsd", "cpu": "x64" }, "sha512-Z3Wo8FWZnmio8+xlcbb7JUo/hqRMSmhQw8IGIRoRJ7GmLR0C+25Wq+bEX/135xe/yEle2lFkhu9JBHd4wZYiig=="],

    "@tailwindcss/oxide-linux-arm-gnueabihf": ["@tailwindcss/oxide-linux-arm-gnueabihf@4.0.6", "", { "os": "linux", "cpu": "arm" }, "sha512-SNSwkkim1myAgmnbHs4EjXsPL7rQbVGtjcok5EaIzkHkCAVK9QBQsWeP2Jm2/JJhq4wdx8tZB9Y7psMzHYWCkA=="],

    "@tailwindcss/oxide-linux-arm64-gnu": ["@tailwindcss/oxide-linux-arm64-gnu@4.0.6", "", { "os": "linux", "cpu": "arm64" }, "sha512-tJ+mevtSDMQhKlwCCuhsFEFg058kBiSy4TkoeBG921EfrHKmexOaCyFKYhVXy4JtkaeeOcjJnCLasEeqml4i+Q=="],

    "@tailwindcss/oxide-linux-arm64-musl": ["@tailwindcss/oxide-linux-arm64-musl@4.0.6", "", { "os": "linux", "cpu": "arm64" }, "sha512-IoArz1vfuTR4rALXMUXI/GWWfx2EaO4gFNtBNkDNOYhlTD4NVEwE45nbBoojYiTulajI4c2XH8UmVEVJTOJKxA=="],

    "@tailwindcss/oxide-linux-x64-gnu": ["@tailwindcss/oxide-linux-x64-gnu@4.0.6", "", { "os": "linux", "cpu": "x64" }, "sha512-QtsUfLkEAeWAC3Owx9Kg+7JdzE+k9drPhwTAXbXugYB9RZUnEWWx5x3q/au6TvUYcL+n0RBqDEO2gucZRvRFgQ=="],

    "@tailwindcss/oxide-linux-x64-musl": ["@tailwindcss/oxide-linux-x64-musl@4.0.6", "", { "os": "linux", "cpu": "x64" }, "sha512-QthvJqIji2KlGNwLcK/PPYo7w1Wsi/8NK0wAtRGbv4eOPdZHkQ9KUk+oCoP20oPO7i2a6X1aBAFQEL7i08nNMA=="],

    "@tailwindcss/oxide-win32-arm64-msvc": ["@tailwindcss/oxide-win32-arm64-msvc@4.0.6", "", { "os": "win32", "cpu": "arm64" }, "sha512-+oka+dYX8jy9iP00DJ9Y100XsqvbqR5s0yfMZJuPR1H/lDVtDfsZiSix1UFBQ3X1HWxoEEl6iXNJHWd56TocVw=="],

    "@tailwindcss/oxide-win32-x64-msvc": ["@tailwindcss/oxide-win32-x64-msvc@4.0.6", "", { "os": "win32", "cpu": "x64" }, "sha512-+o+juAkik4p8Ue/0LiflQXPmVatl6Av3LEZXpBTfg4qkMIbZdhCGWFzHdt2NjoMiLOJCFDddoV6GYaimvK1Olw=="],

    "@tailwindcss/postcss": ["@tailwindcss/postcss@4.0.6", "", { "dependencies": { "@alloc/quick-lru": "^5.2.0", "@tailwindcss/node": "^4.0.6", "@tailwindcss/oxide": "^4.0.6", "lightningcss": "^1.29.1", "postcss": "^8.4.41", "tailwindcss": "4.0.6" } }, "sha512-noTaGPHjGCXTCc487TWnfAEN0VMjqDAecssWDOsfxV2hFrcZR0AHthX7IdY/0xHTg/EtpmIPdssddlZ5/B7JnQ=="],

    "@types/node": ["@types/node@22.13.4", "", { "dependencies": { "undici-types": "~6.20.0" } }, "sha512-ywP2X0DYtX3y08eFVx5fNIw7/uIv8hYUKgXoK8oayJlLnKcRfEYCxWMVE1XagUdVtCJlZT1AU4LXEABW+L1Peg=="],

    "@types/ws": ["@types/ws@8.5.14", "", { "dependencies": { "@types/node": "*" } }, "sha512-bd/YFLW+URhBzMXurx7lWByOu+xzU9+kb3RboOteXYDfW+tr+JZa99OyNmPINEGB/ahzKrEuc8rcv4gnpJmxTw=="],

    "ansi-regex": ["ansi-regex@5.0.1", "", {}, "sha512-quJQXlTSUGL2LH9SUXo8VwsY4soanhgo6LNSm84E1LBcE8s3O0wpdiRzyR9z/ZZJMlMWv37qOOb9pdJlMUEKFQ=="],

    "ansi-styles": ["ansi-styles@4.3.0", "", { "dependencies": { "color-convert": "^2.0.1" } }, "sha512-zbB9rCJAT1rbjiVDb2hqKFHNYLxgtk8NURxZ3IZwD3F6NtxbXZQCnnSi1Lkx+IDohdPlFp222wVALIheZJQSEg=="],

    "anymatch": ["anymatch@3.1.3", "", { "dependencies": { "normalize-path": "^3.0.0", "picomatch": "^2.0.4" } }, "sha512-KMReFUr0B4t+D+OBkjR3KYqvocp2XaSzO55UcB6mgQMd3KbcE+mWTyvVV7D/zsdEbNnV6acZUutkiHQXvTr1Rw=="],

    "binary-extensions": ["binary-extensions@2.3.0", "", {}, "sha512-Ceh+7ox5qe7LJuLHoY0feh3pHuUDHAcRUeyL2VYghZwfpkNIy/+8Ocg0a3UuSoYzavmylwuLWQOf3hl0jjMMIw=="],

    "braces": ["braces@3.0.3", "", { "dependencies": { "fill-range": "^7.1.1" } }, "sha512-yQbXgO/OSZVD2IsiLlro+7Hf6Q18EJrKSEsdoMzKePKXct3gvD8oLcOQdIzGupr5Fj+EDe8gO/lxc1BzfMpxvA=="],

    "bun-types": ["bun-types@1.2.2", "", { "dependencies": { "@types/node": "*", "@types/ws": "~8.5.10" } }, "sha512-RCbMH5elr9gjgDGDhkTTugA21XtJAy/9jkKe/G3WR2q17VPGhcquf9Sir6uay9iW+7P/BV0CAHA1XlHXMAVKHg=="],

    "chalk": ["chalk@4.1.2", "", { "dependencies": { "ansi-styles": "^4.1.0", "supports-color": "^7.1.0" } }, "sha512-oKnbhFyRIXpUuez8iBMmyEa4nbj4IOQyuhc/wy9kY7/WVPcwIO9VA668Pu8RkO7+0G76SLROeyw9CpQ061i4mA=="],

    "chokidar": ["chokidar@3.6.0", "", { "dependencies": { "anymatch": "~3.1.2", "braces": "~3.0.2", "glob-parent": "~5.1.2", "is-binary-path": "~2.1.0", "is-glob": "~4.0.1", "normalize-path": "~3.0.0", "readdirp": "~3.6.0" }, "optionalDependencies": { "fsevents": "~2.3.2" } }, "sha512-7VT13fmjotKpGipCW9JEQAusEPE+Ei8nl6/g4FBAmIm0GOOLMua9NDDo/DWp0ZAxCr3cPq5ZpBqmPAQgDda2Pw=="],

    "cliui": ["cliui@8.0.1", "", { "dependencies": { "string-width": "^4.2.0", "strip-ansi": "^6.0.1", "wrap-ansi": "^7.0.0" } }, "sha512-BSeNnyus75C4//NQ9gQt1/csTXyo/8Sb+afLAkzAptFuMsod9HFokGNudZpi/oQV73hnVK+sR+5PVRMd+Dr7YQ=="],

    "clone": ["clone@2.1.2", "", {}, "sha512-3Pe/CF1Nn94hyhIYpjtiLhdCoEoz0DqQ+988E9gmeEdQZlojxnOb74wctFyuwWQHzqyf9X7C7MG8juUpqBJT8w=="],

    "color-convert": ["color-convert@2.0.1", "", { "dependencies": { "color-name": "~1.1.4" } }, "sha512-RRECPsj7iu/xb5oKYcsFHSppFNnsj/52OVTRKb4zP5onXwVF3zVmmToNcOfGC+CRDpfK/U584fMg38ZHCaElKQ=="],

    "color-name": ["color-name@1.1.4", "", {}, "sha512-dOy+3AuW3a2wNbZHIuMZpTcgjGuLU/uBL/ubcZF9OXbDo8ff4O8yVp5Bf0efS8uEoYo5q4Fx7dY9OgQGXgAsQA=="],

    "concurrently": ["concurrently@9.1.2", "", { "dependencies": { "chalk": "^4.1.2", "lodash": "^4.17.21", "rxjs": "^7.8.1", "shell-quote": "^1.8.1", "supports-color": "^8.1.1", "tree-kill": "^1.2.2", "yargs": "^17.7.2" }, "bin": { "concurrently": "dist/bin/concurrently.js", "conc": "dist/bin/concurrently.js" } }, "sha512-H9MWcoPsYddwbOGM6difjVwVZHl63nwMEwDJG/L7VGtuaJhb12h2caPG2tVPWs7emuYix252iGfqOyrz1GczTQ=="],

    "cookie": ["cookie@1.0.2", "", {}, "sha512-9Kr/j4O16ISv8zBBhJoi4bXOYNTkFLOqSL3UDB0njXxCXNezjeyVrJyGOWtgfs/q2km1gwBcfH8q1yEGoMYunA=="],

    "csstype": ["csstype@3.1.3", "", {}, "sha512-M1uQkMl8rQK/szD0LNhtqxIPLpimGm8sOBwU7lLnCpSbTyY3yeU1Vc7l4KT5zT4s/yOxHH5O7tIuuLOCnLADRw=="],

    "dependency-graph": ["dependency-graph@0.11.0", "", {}, "sha512-JeMq7fEshyepOWDfcfHK06N3MhyPhz++vtqWhMT5O9A3K42rdsEDpfdVqjaqaAhsw6a+ZqeDvQVtD0hFHQWrzg=="],

    "detect-libc": ["detect-libc@1.0.3", "", { "bin": { "detect-libc": "./bin/detect-libc.js" } }, "sha512-pGjwhsmsp4kL2RTz08wcOlGN83otlqHeD/Z5T8GXZB+/YcpQ/dgo+lbU8ZsGxV0HIvqqxo9l7mqYwyYMD9bKDg=="],

    "elysia": ["elysia@1.2.13", "", { "dependencies": { "@sinclair/typebox": "^0.34.15", "cookie": "^1.0.2", "memoirist": "^0.3.0", "openapi-types": "^12.1.3" }, "peerDependencies": { "typescript": ">= 5.0.0" }, "optionalPeers": ["typescript"] }, "sha512-dNoPX9/1us+yYGX0igznlFTEG9jmEo8YaReD2EkoLL7IwvdZeMnC83GACxhk4ycv7I27192bsDatxWZSsOPQcA=="],

    "emoji-regex": ["emoji-regex@8.0.0", "", {}, "sha512-MSjYzcWNOA0ewAHpz0MxpYFvwg6yjy1NG3xteoqz644VCo/RPgnr1/GGt+ic3iJTzQ8Eu3TdM14SawnVUmGE6A=="],

    "enhanced-resolve": ["enhanced-resolve@5.18.1", "", { "dependencies": { "graceful-fs": "^4.2.4", "tapable": "^2.2.0" } }, "sha512-ZSW3ma5GkcQBIpwZTSRAI8N71Uuwgs93IezB7mf7R60tC8ZbJideoDNKjHn2O9KIlx6rkGTTEk1xUCK2E1Y2Yg=="],

    "escalade": ["escalade@3.2.0", "", {}, "sha512-WUj2qlxaQtO4g6Pq5c29GTcWGDyd8itL8zTlipgECz3JesAiiOKotd8JU6otB3PACgG6xkJUyVhboMS+bje/jA=="],

    "fast-glob": ["fast-glob@3.3.3", "", { "dependencies": { "@nodelib/fs.stat": "^2.0.2", "@nodelib/fs.walk": "^1.2.3", "glob-parent": "^5.1.2", "merge2": "^1.3.0", "micromatch": "^4.0.8" } }, "sha512-7MptL8U0cqcFdzIzwOTHoilX9x5BrNqye7Z/LuC7kCMRio1EMSyqRK3BEAUD7sXRq4iT4AzTVuZdhgQ2TCvYLg=="],

    "fastq": ["fastq@1.19.0", "", { "dependencies": { "reusify": "^1.0.4" } }, "sha512-7SFSRCNjBQIZH/xZR3iy5iQYR8aGBE0h3VG6/cwlbrpdciNYBMotQav8c1XI3HjHH+NikUpP53nPdlZSdWmFzA=="],

    "fill-range": ["fill-range@7.1.1", "", { "dependencies": { "to-regex-range": "^5.0.1" } }, "sha512-YsGpe3WHLK8ZYi4tWDg2Jy3ebRz2rXowDxnld4bkQB00cc/1Zw9AWnC0i9ztDJitivtQvaI9KaLyKrc+hBW0yg=="],

    "fs-extra": ["fs-extra@11.3.0", "", { "dependencies": { "graceful-fs": "^4.2.0", "jsonfile": "^6.0.1", "universalify": "^2.0.0" } }, "sha512-Z4XaCL6dUDHfP/jT25jJKMmtxvuwbkrD1vNSMFlo9lNLY2c5FHYSQgHPRZUjAB26TpDEoW9HCOgplrdbaPV/ew=="],

    "fsevents": ["fsevents@2.3.3", "", { "os": "darwin" }, "sha512-5xoDfX+fL7faATnagmWPpbFtwh/R77WmMMqqHGS65C3vvB0YHrgF+B1YmZ3441tMj5n63k0212XNoJwzlhffQw=="],

    "get-caller-file": ["get-caller-file@2.0.5", "", {}, "sha512-DyFP3BM/3YHTQOCUL/w0OZHR0lpKeGrxotcHWcqNEdnltqFwXVfhEBQ94eIo34AfQpo0rGki4cyIiftY06h2Fg=="],

    "get-stdin": ["get-stdin@9.0.0", "", {}, "sha512-dVKBjfWisLAicarI2Sf+JuBE/DghV4UzNAVe9yhEJuzeREd3JhOTE9cUaJTeSa77fsbQUK3pcOpJfM59+VKZaA=="],

    "glob-parent": ["glob-parent@5.1.2", "", { "dependencies": { "is-glob": "^4.0.1" } }, "sha512-AOIgSQCepiJYwP3ARnGx+5VnTu2HBYdzbGP45eLw1vr3zB3vZLeyed1sC9hnbcOc9/SrMyM5RPQrkGz4aS9Zow=="],

    "globby": ["globby@14.1.0", "", { "dependencies": { "@sindresorhus/merge-streams": "^2.1.0", "fast-glob": "^3.3.3", "ignore": "^7.0.3", "path-type": "^6.0.0", "slash": "^5.1.0", "unicorn-magic": "^0.3.0" } }, "sha512-0Ia46fDOaT7k4og1PDW4YbodWWr3scS2vAr2lTbsplOt2WkKp0vQbkI9wKis/T5LV/dqPjO3bpS/z6GTJB82LA=="],

    "graceful-fs": ["graceful-fs@4.2.11", "", {}, "sha512-RbJ5/jmFcNNCcDV5o9eTnBLJ/HszWV0P73bc+Ff4nS/rJj+YaS6IGyiOL0VoBYX+l1Wrl3k63h/KrH+nhJ0XvQ=="],

    "has-flag": ["has-flag@4.0.0", "", {}, "sha512-EykJT/Q1KjTWctppgIAgfSO0tKVuZUjhgMr17kqTumMl6Afv3EISleU7qZUzoXDFTAHTDC4NOoG/ZxU3EvlMPQ=="],

    "ignore": ["ignore@7.0.3", "", {}, "sha512-bAH5jbK/F3T3Jls4I0SO1hmPR0dKU0a7+SY6n1yzRtG54FLO8d6w/nxLFX2Nb7dBu6cCWXPaAME6cYqFUMmuCA=="],

    "is-binary-path": ["is-binary-path@2.1.0", "", { "dependencies": { "binary-extensions": "^2.0.0" } }, "sha512-ZMERYes6pDydyuGidse7OsHxtbI7WVeUEozgR/g7rd0xUimYNlvZRE/K2MgZTjWy725IfelLeVcEM97mmtRGXw=="],

    "is-extglob": ["is-extglob@2.1.1", "", {}, "sha512-SbKbANkN603Vi4jEZv49LeVJMn4yGwsbzZworEoyEiutsN3nJYdbO36zfhGJ6QEDpOZIFkDtnq5JRxmvl3jsoQ=="],

    "is-fullwidth-code-point": ["is-fullwidth-code-point@3.0.0", "", {}, "sha512-zymm5+u+sCsSWyD9qNaejV3DFvhCKclKdizYaJUuHA83RLjb7nSuGnddCHGv0hk+KY7BMAlsWeK4Ueg6EV6XQg=="],

    "is-glob": ["is-glob@4.0.3", "", { "dependencies": { "is-extglob": "^2.1.1" } }, "sha512-xelSayHH36ZgE7ZWhli7pW34hNbNl8Ojv5KVmkJD4hBdD3th8Tfk9vYasLM+mXWOZhFkgZfxhLSnrwRr4elSSg=="],

    "is-number": ["is-number@7.0.0", "", {}, "sha512-41Cifkg6e8TylSpdtTpeLVMqvSBEVzTttHvERD741+pnZ8ANv0004MRL43QKPDlK9cGvNp6NZWZUBlbGXYxxng=="],

    "jiti": ["jiti@2.4.2", "", { "bin": { "jiti": "lib/jiti-cli.mjs" } }, "sha512-rg9zJN+G4n2nfJl5MW3BMygZX56zKPNVEYYqq7adpmMh4Jn2QNEwhvQlFy6jPVdcod7txZtKHWnyZiA3a0zP7A=="],

    "jsonfile": ["jsonfile@6.1.0", "", { "dependencies": { "universalify": "^2.0.0" }, "optionalDependencies": { "graceful-fs": "^4.1.6" } }, "sha512-5dgndWOriYSm5cnYaJNhalLNDKOqFwyDB/rr1E9ZsGciGvKPs8R2xYGCacuf3z6K1YKDz182fd+fY3cn3pMqXQ=="],

    "lightningcss": ["lightningcss@1.29.1", "", { "dependencies": { "detect-libc": "^1.0.3" }, "optionalDependencies": { "lightningcss-darwin-arm64": "1.29.1", "lightningcss-darwin-x64": "1.29.1", "lightningcss-freebsd-x64": "1.29.1", "lightningcss-linux-arm-gnueabihf": "1.29.1", "lightningcss-linux-arm64-gnu": "1.29.1", "lightningcss-linux-arm64-musl": "1.29.1", "lightningcss-linux-x64-gnu": "1.29.1", "lightningcss-linux-x64-musl": "1.29.1", "lightningcss-win32-arm64-msvc": "1.29.1", "lightningcss-win32-x64-msvc": "1.29.1" } }, "sha512-FmGoeD4S05ewj+AkhTY+D+myDvXI6eL27FjHIjoyUkO/uw7WZD1fBVs0QxeYWa7E17CUHJaYX/RUGISCtcrG4Q=="],

    "lightningcss-darwin-arm64": ["lightningcss-darwin-arm64@1.29.1", "", { "os": "darwin", "cpu": "arm64" }, "sha512-HtR5XJ5A0lvCqYAoSv2QdZZyoHNttBpa5EP9aNuzBQeKGfbyH5+UipLWvVzpP4Uml5ej4BYs5I9Lco9u1fECqw=="],

    "lightningcss-darwin-x64": ["lightningcss-darwin-x64@1.29.1", "", { "os": "darwin", "cpu": "x64" }, "sha512-k33G9IzKUpHy/J/3+9MCO4e+PzaFblsgBjSGlpAaFikeBFm8B/CkO3cKU9oI4g+fjS2KlkLM/Bza9K/aw8wsNA=="],

    "lightningcss-freebsd-x64": ["lightningcss-freebsd-x64@1.29.1", "", { "os": "freebsd", "cpu": "x64" }, "sha512-0SUW22fv/8kln2LnIdOCmSuXnxgxVC276W5KLTwoehiO0hxkacBxjHOL5EtHD8BAXg2BvuhsJPmVMasvby3LiQ=="],

    "lightningcss-linux-arm-gnueabihf": ["lightningcss-linux-arm-gnueabihf@1.29.1", "", { "os": "linux", "cpu": "arm" }, "sha512-sD32pFvlR0kDlqsOZmYqH/68SqUMPNj+0pucGxToXZi4XZgZmqeX/NkxNKCPsswAXU3UeYgDSpGhu05eAufjDg=="],

    "lightningcss-linux-arm64-gnu": ["lightningcss-linux-arm64-gnu@1.29.1", "", { "os": "linux", "cpu": "arm64" }, "sha512-0+vClRIZ6mmJl/dxGuRsE197o1HDEeeRk6nzycSy2GofC2JsY4ifCRnvUWf/CUBQmlrvMzt6SMQNMSEu22csWQ=="],

    "lightningcss-linux-arm64-musl": ["lightningcss-linux-arm64-musl@1.29.1", "", { "os": "linux", "cpu": "arm64" }, "sha512-UKMFrG4rL/uHNgelBsDwJcBqVpzNJbzsKkbI3Ja5fg00sgQnHw/VrzUTEc4jhZ+AN2BvQYz/tkHu4vt1kLuJyw=="],

    "lightningcss-linux-x64-gnu": ["lightningcss-linux-x64-gnu@1.29.1", "", { "os": "linux", "cpu": "x64" }, "sha512-u1S+xdODy/eEtjADqirA774y3jLcm8RPtYztwReEXoZKdzgsHYPl0s5V52Tst+GKzqjebkULT86XMSxejzfISw=="],

    "lightningcss-linux-x64-musl": ["lightningcss-linux-x64-musl@1.29.1", "", { "os": "linux", "cpu": "x64" }, "sha512-L0Tx0DtaNUTzXv0lbGCLB/c/qEADanHbu4QdcNOXLIe1i8i22rZRpbT3gpWYsCh9aSL9zFujY/WmEXIatWvXbw=="],

    "lightningcss-win32-arm64-msvc": ["lightningcss-win32-arm64-msvc@1.29.1", "", { "os": "win32", "cpu": "arm64" }, "sha512-QoOVnkIEFfbW4xPi+dpdft/zAKmgLgsRHfJalEPYuJDOWf7cLQzYg0DEh8/sn737FaeMJxHZRc1oBreiwZCjog=="],

    "lightningcss-win32-x64-msvc": ["lightningcss-win32-x64-msvc@1.29.1", "", { "os": "win32", "cpu": "x64" }, "sha512-NygcbThNBe4JElP+olyTI/doBNGJvLs3bFCRPdvuCcxZCcCZ71B858IHpdm7L1btZex0FvCmM17FK98Y9MRy1Q=="],

    "lilconfig": ["lilconfig@3.1.3", "", {}, "sha512-/vlFKAoH5Cgt3Ie+JLhRbwOsCQePABiU3tJ1egGvyQ+33R/vcwM2Zl2QR/LzjsBeItPt3oSVXapn+m4nQDvpzw=="],

    "lodash": ["lodash@4.17.21", "", {}, "sha512-v2kDEe57lecTulaDIuNTPy3Ry4gLGJ6Z1O3vE1krgXZNrsQ+LFTGHVxVjcXPs17LhbZVGedAJv8XZ1tvj5FvSg=="],

    "memoirist": ["memoirist@0.3.0", "", {}, "sha512-wR+4chMgVPq+T6OOsk40u9Wlpw1Pjx66NMNiYxCQQ4EUJ7jDs3D9kTCeKdBOkvAiqXlHLVJlvYL01PvIJ1MPNg=="],

    "merge2": ["merge2@1.4.1", "", {}, "sha512-8q7VEgMJW4J8tcfVPy8g09NcQwZdbwFEqhe/WZkoIzjn/3TGDwtOCYtXGxA3O8tPzpczCCDgv+P2P5y00ZJOOg=="],

    "micromatch": ["micromatch@4.0.8", "", { "dependencies": { "braces": "^3.0.3", "picomatch": "^2.3.1" } }, "sha512-PXwfBhYu0hBCPw8Dn0E+WDYb7af3dSLVWKi3HGv84IdF4TyFoC0ysxFd0Goxw7nSv4T/PzEJQxsYsEiFCKo2BA=="],

    "minimist": ["minimist@1.2.8", "", {}, "sha512-2yyAR8qBkN3YuheJanUpWC5U3bb5osDywNB8RzDVlDwDHbocAJveqqj1u8+SVD7jkWT4yvsHCpWqqWqAxb0zCA=="],

    "mkdirp": ["mkdirp@0.5.6", "", { "dependencies": { "minimist": "^1.2.6" }, "bin": { "mkdirp": "bin/cmd.js" } }, "sha512-FP+p8RB8OWpF3YZBCrP5gtADmtXApB5AMLn+vdyA+PyxCjrCs00mjyUozssO33cwDeT3wNGdLxJ5M//YqtHAJw=="],

    "nanoid": ["nanoid@3.3.8", "", { "bin": { "nanoid": "bin/nanoid.cjs" } }, "sha512-WNLf5Sd8oZxOm+TzppcYk8gVOgP+l58xNy58D0nbUnOxOWRWvlcCV4kUF7ltmI6PsrLl/BgKEyS4mqsGChFN0w=="],

    "node-cache": ["node-cache@5.1.2", "", { "dependencies": { "clone": "2.x" } }, "sha512-t1QzWwnk4sjLWaQAS8CHgOJ+RAfmHpxFWmc36IWTiWHQfs0w5JDMBS1b1ZxQteo0vVVuWJvIUKHDkkeK7vIGCg=="],

    "normalize-path": ["normalize-path@3.0.0", "", {}, "sha512-6eZs5Ls3WtCisHWp9S2GUy8dqkpGi4BVSz3GaqiE6ezub0512ESztXUwUB6C6IKbQkY2Pnb/mD4WYojCRwcwLA=="],

    "openapi-types": ["openapi-types@12.1.3", "", {}, "sha512-N4YtSYJqghVu4iek2ZUvcN/0aqH1kRDuNqzcycDxhOUpg7GdvLa2F3DgS6yBNhInhv2r/6I0Flkn7CqL8+nIcw=="],

    "path-type": ["path-type@6.0.0", "", {}, "sha512-Vj7sf++t5pBD637NSfkxpHSMfWaeig5+DKWLhcqIYx6mWQz5hdJTGDVMQiJcw1ZYkhs7AazKDGpRVji1LJCZUQ=="],

    "picocolors": ["picocolors@1.1.1", "", {}, "sha512-xceH2snhtb5M9liqDsmEw56le376mTZkEX/jEb/RxNFyegNul7eNslCXP9FDj/Lcu0X8KEyMceP2ntpaHrDEVA=="],

    "picomatch": ["picomatch@2.3.1", "", {}, "sha512-JU3teHTNjmE2VCGFzuY8EXzCDVwEqB2a8fsIvwaStHhAWJEeVd1o1QD80CU6+ZdEXXSLbSsuLwJjkCBWqRQUVA=="],

    "pify": ["pify@2.3.0", "", {}, "sha512-udgsAY+fTnvv7kI7aaxbqwWNb0AHiB0qBO89PZKPkoTmGOgdbrHDKD+0B2X4uTfJ/FT1R09r9gTsjUjNJotuog=="],

    "postcss": ["postcss@8.5.2", "", { "dependencies": { "nanoid": "^3.3.8", "picocolors": "^1.1.1", "source-map-js": "^1.2.1" } }, "sha512-MjOadfU3Ys9KYoX0AdkBlFEF1Vx37uCCeN4ZHnmwm9FfpbsGWMZeBLMmmpY+6Ocqod7mkdZ0DT31OlbsFrLlkA=="],

    "postcss-cli": ["postcss-cli@11.0.0", "", { "dependencies": { "chokidar": "^3.3.0", "dependency-graph": "^0.11.0", "fs-extra": "^11.0.0", "get-stdin": "^9.0.0", "globby": "^14.0.0", "picocolors": "^1.0.0", "postcss-load-config": "^5.0.0", "postcss-reporter": "^7.0.0", "pretty-hrtime": "^1.0.3", "read-cache": "^1.0.0", "slash": "^5.0.0", "yargs": "^17.0.0" }, "peerDependencies": { "postcss": "^8.0.0" }, "bin": { "postcss": "index.js" } }, "sha512-xMITAI7M0u1yolVcXJ9XTZiO9aO49mcoKQy6pCDFdMh9kGqhzLVpWxeD/32M/QBmkhcGypZFFOLNLmIW4Pg4RA=="],

    "postcss-hash": ["postcss-hash@3.0.0", "", { "dependencies": { "mkdirp": "^0.5.1" } }, "sha512-ltbQpW4VJ1JyP8CwGBJRPWh3SXPDbTvuZiPRo5/s+scxC1Qa0mOC6PzUHCtD0Rnogy1CnaTRqRC6CSwhZF6SVg=="],

    "postcss-load-config": ["postcss-load-config@5.1.0", "", { "dependencies": { "lilconfig": "^3.1.1", "yaml": "^2.4.2" }, "peerDependencies": { "jiti": ">=1.21.0", "postcss": ">=8.0.9", "tsx": "^4.8.1" }, "optionalPeers": ["jiti", "postcss", "tsx"] }, "sha512-G5AJ+IX0aD0dygOE0yFZQ/huFFMSNneyfp0e3/bT05a8OfPC5FUoZRPfGijUdGOJNMewJiwzcHJXFafFzeKFVA=="],

    "postcss-reporter": ["postcss-reporter@7.1.0", "", { "dependencies": { "picocolors": "^1.0.0", "thenby": "^1.3.4" }, "peerDependencies": { "postcss": "^8.1.0" } }, "sha512-/eoEylGWyy6/DOiMP5lmFRdmDKThqgn7D6hP2dXKJI/0rJSO1ADFNngZfDzxL0YAxFvws+Rtpuji1YIHj4mySA=="],

    "preact": ["preact@10.26.0", "", {}, "sha512-6ugi/Mb7lyV5RA6KlnijFyDLMU253i7L0RRiObIzDoqj59KT9iTeNJbA/YGw6M7jP4vxaab0DOA8DgodTOA6EQ=="],

    "preact-render-to-string": ["preact-render-to-string@6.5.13", "", { "peerDependencies": { "preact": ">=10" } }, "sha512-iGPd+hKPMFKsfpR2vL4kJ6ZPcFIoWZEcBf0Dpm3zOpdVvj77aY8RlLiQji5OMrngEyaxGogeakTb54uS2FvA6w=="],

    "pretty-hrtime": ["pretty-hrtime@1.0.3", "", {}, "sha512-66hKPCr+72mlfiSjlEB1+45IjXSqvVAIy6mocupoww4tBFE9R9IhwwUGoI4G++Tc9Aq+2rxOt0RFU6gPcrte0A=="],

    "prisma": ["prisma@6.3.1", "", { "dependencies": { "@prisma/engines": "6.3.1" }, "optionalDependencies": { "fsevents": "2.3.3" }, "peerDependencies": { "typescript": ">=5.1.0" }, "optionalPeers": ["typescript"], "bin": { "prisma": "build/index.js" } }, "sha512-JKCZWvBC3enxk51tY4TWzS4b5iRt4sSU1uHn2I183giZTvonXaQonzVtjLzpOHE7qu9MxY510kAtFGJwryKe3Q=="],

    "queue-microtask": ["queue-microtask@1.2.3", "", {}, "sha512-NuaNSa6flKT5JaSYQzJok04JzTL1CA6aGhv5rfLW3PgqA+M2ChpZQnAC8h8i4ZFkBS8X5RqkDBHA7r4hej3K9A=="],

    "read-cache": ["read-cache@1.0.0", "", { "dependencies": { "pify": "^2.3.0" } }, "sha512-Owdv/Ft7IjOgm/i0xvNDZ1LrRANRfew4b2prF3OWMQLxLfu3bS8FVhCsrSCMK4lR56Y9ya+AThoTpDCTxCmpRA=="],

    "readdirp": ["readdirp@3.6.0", "", { "dependencies": { "picomatch": "^2.2.1" } }, "sha512-hOS089on8RduqdbhvQ5Z37A0ESjsqz6qnRcffsMU3495FuTdqSm+7bhJ29JvIOsBDEEnan5DPu9t3To9VRlMzA=="],

    "require-directory": ["require-directory@2.1.1", "", {}, "sha512-fGxEI7+wsG9xrvdjsrlmL22OMTTiHRwAMroiEeMgq8gzoLC/PQr7RsRDSTLUg/bZAZtF+TVIkHc6/4RIKrui+Q=="],

    "reusify": ["reusify@1.0.4", "", {}, "sha512-U9nH88a3fc/ekCF1l0/UP1IosiuIjyTh7hBvXVMHYgVcfGvt897Xguj2UOLDeI5BG2m7/uwyaLVT6fbtCwTyzw=="],

    "run-parallel": ["run-parallel@1.2.0", "", { "dependencies": { "queue-microtask": "^1.2.2" } }, "sha512-5l4VyZR86LZ/lDxZTR6jqL8AFE2S0IFLMP26AbjsLVADxHdhB/c0GUsH+y39UfCi3dzz8OlQuPmnaJOMoDHQBA=="],

    "rxjs": ["rxjs@7.8.1", "", { "dependencies": { "tslib": "^2.1.0" } }, "sha512-AA3TVj+0A2iuIoQkWEK/tqFjBq2j+6PO6Y0zJcvzLAFhEFIO3HL0vls9hWLncZbAAbK0mar7oZ4V079I/qPMxg=="],

    "shell-quote": ["shell-quote@1.8.2", "", {}, "sha512-AzqKpGKjrj7EM6rKVQEPpB288oCfnrEIuyoT9cyF4nmGa7V8Zk6f7RRqYisX8X9m+Q7bd632aZW4ky7EhbQztA=="],

    "slash": ["slash@5.1.0", "", {}, "sha512-ZA6oR3T/pEyuqwMgAKT0/hAv8oAXckzbkmR0UkUosQ+Mc4RxGoJkRmwHgHufaenlyAgE1Mxgpdcrf75y6XcnDg=="],

    "source-map-js": ["source-map-js@1.2.1", "", {}, "sha512-UXWMKhLOwVKb728IUtQPXxfYU+usdybtUrK/8uGE8CQMvrhOpwvzDBwj0QhSL7MQc7vIsISBG8VQ8+IDQxpfQA=="],

    "string-width": ["string-width@4.2.3", "", { "dependencies": { "emoji-regex": "^8.0.0", "is-fullwidth-code-point": "^3.0.0", "strip-ansi": "^6.0.1" } }, "sha512-wKyQRQpjJ0sIp62ErSZdGsjMJWsap5oRNihHhu6G7JVO/9jIB6UyevL+tXuOqrng8j/cxKTWyWUwvSTriiZz/g=="],

    "strip-ansi": ["strip-ansi@6.0.1", "", { "dependencies": { "ansi-regex": "^5.0.1" } }, "sha512-Y38VPSHcqkFrCpFnQ9vuSXmquuv5oXOKpGeT6aGrr3o3Gc9AlVa6JBfUSOCnbxGGZF+/0ooI7KrPuUSztUdU5A=="],

    "supports-color": ["supports-color@8.1.1", "", { "dependencies": { "has-flag": "^4.0.0" } }, "sha512-MpUEN2OodtUzxvKQl72cUF7RQ5EiHsGvSsVG0ia9c5RbWGL2CI4C7EpPS8UTBIplnlzZiNuV56w+FuNxy3ty2Q=="],

    "tailwindcss": ["tailwindcss@4.0.6", "", {}, "sha512-mysewHYJKaXgNOW6pp5xon/emCsfAMnO8WMaGKZZ35fomnR/T5gYnRg2/yRTTrtXiEl1tiVkeRt0eMO6HxEZqw=="],

    "tapable": ["tapable@2.2.1", "", {}, "sha512-GNzQvQTOIP6RyTfE2Qxb8ZVlNmw0n88vp1szwWRimP02mnTsx3Wtn5qRdqY9w2XduFNUgvOwhNnQsjwCp+kqaQ=="],

    "thenby": ["thenby@1.3.4", "", {}, "sha512-89Gi5raiWA3QZ4b2ePcEwswC3me9JIg+ToSgtE0JWeCynLnLxNr/f9G+xfo9K+Oj4AFdom8YNJjibIARTJmapQ=="],

    "to-regex-range": ["to-regex-range@5.0.1", "", { "dependencies": { "is-number": "^7.0.0" } }, "sha512-65P7iz6X5yEr1cwcgvQxbbIw7Uk3gOy5dIdtZ4rDveLqhrdJP+Li/Hx6tyK0NEb+2GCyneCMJiGqrADCSNk8sQ=="],

    "tree-kill": ["tree-kill@1.2.2", "", { "bin": { "tree-kill": "cli.js" } }, "sha512-L0Orpi8qGpRG//Nd+H90vFB+3iHnue1zSSGmNOOCh1GLJ7rUKVwV2HvijphGQS2UmhUZewS9VgvxYIdgr+fG1A=="],

    "tslib": ["tslib@2.8.1", "", {}, "sha512-oJFu94HQb+KVduSUQL7wnpmqnfmLsOA/nAh6b6EH0wCEoK0/mPeXU6c3wKDV83MkOuHPRHtSXKKU99IBazS/2w=="],

    "typescript": ["typescript@5.7.3", "", { "bin": { "tsc": "bin/tsc", "tsserver": "bin/tsserver" } }, "sha512-84MVSjMEHP+FQRPy3pX9sTVV/INIex71s9TL2Gm5FG/WG1SqXeKyZ0k7/blY/4FdOzI12CBy1vGc4og/eus0fw=="],

    "undici-types": ["undici-types@6.20.0", "", {}, "sha512-Ny6QZ2Nju20vw1SRHe3d9jVu6gJ+4e3+MMpqu7pqE5HT6WsTSlce++GQmK5UXS8mzV8DSYHrQH+Xrf2jVcuKNg=="],

    "unicorn-magic": ["unicorn-magic@0.3.0", "", {}, "sha512-+QBBXBCvifc56fsbuxZQ6Sic3wqqc3WWaqxs58gvJrcOuN83HGTCwz3oS5phzU9LthRNE9VrJCFCLUgHeeFnfA=="],

    "universalify": ["universalify@2.0.1", "", {}, "sha512-gptHNQghINnc/vTGIk0SOFGFNXw7JVrlRUtConJRlvaw6DuX0wO5Jeko9sWrMBhh+PsYAZ7oXAiOnf/UKogyiw=="],

    "wrap-ansi": ["wrap-ansi@7.0.0", "", { "dependencies": { "ansi-styles": "^4.0.0", "string-width": "^4.1.0", "strip-ansi": "^6.0.0" } }, "sha512-YVGIj2kamLSTxw6NsZjoBxfSwsn0ycdesmc4p+Q21c5zPuZ1pl+NfxVdxPtdHvmNVOQ6XSYG4AUtyt/Fi7D16Q=="],

    "y18n": ["y18n@5.0.8", "", {}, "sha512-0pfFzegeDWJHJIAmTLRP2DwHjdF5s7jo9tuztdQxAhINCdvS+3nGINqPd00AphqJR/0LhANUS6/+7SCb98YOfA=="],

    "yaml": ["yaml@2.7.0", "", { "bin": { "yaml": "bin.mjs" } }, "sha512-+hSoy/QHluxmC9kCIJyL/uyFmLmc+e5CFR5Wa+bpIhIj85LVb9ZH2nVnqrHoSvKogwODv0ClqZkmiSSaIH5LTA=="],

    "yargs": ["yargs@17.7.2", "", { "dependencies": { "cliui": "^8.0.1", "escalade": "^3.1.1", "get-caller-file": "^2.0.5", "require-directory": "^2.1.1", "string-width": "^4.2.3", "y18n": "^5.0.5", "yargs-parser": "^21.1.1" } }, "sha512-7dSzzRQ++CKnNI/krKnYRV7JKKPUXMEh61soaHKg9mrWEhzFWhFnxPxGl+69cD1Ou63C13NUPCnmIcrvqCuM6w=="],

    "yargs-parser": ["yargs-parser@21.1.1", "", {}, "sha512-tVpsJW7DdjecAiFpbIB1e3qxIQsE6NoPc5/eTdrbbIC4h0LVsWhnoa3g+m2HclBIujHzsxZ4VJVA+GUuc2/LBw=="],

    "chalk/supports-color": ["supports-color@7.2.0", "", { "dependencies": { "has-flag": "^4.0.0" } }, "sha512-qpCAvRl9stuOHveKsn7HncJRvv501qIacKzQlO/+Lwxc9+0q2wLyv4Dfvt80/DPn2pqOBsJdDiogXGR9+OvwRw=="],
  }
}
